
Microsoft Visual Studio Solution File, Format Version 12.00
# Visual Studio 15
VisualStudioVersion = 15.0.26124.0
MinimumVisualStudioVersion = 15.0.26124.0
Project("{FAE04EC0-301F-11D3-BF4B-00C04F79EFBC}") = "PaySlipConsole", "PaySlipConsole\PaySlipConsole.csproj", "{75F17F9A-784C-411C-851C-64E0683DEC21}"
EndProject
Project("{FAE04EC0-301F-11D3-BF4B-00C04F79EFBC}") = "PaySlipConsole.Tests", "PaySlipConsole.Tests\PaySlipConsole.Tests.csproj", "{54754BF5-6AEF-4D0A-B4D1-5B63E42BA18F}"
EndProject
Global
	GlobalSection(SolutionConfigurationPlatforms) = preSolution
		Debug|Any CPU = Debug|Any CPU
		Debug|x64 = Debug|x64
		Debug|x86 = Debug|x86
		Release|Any CPU = Release|Any CPU
		Release|x64 = Release|x64
		Release|x86 = Release|x86
	EndGlobalSection
	GlobalSection(SolutionProperties) = preSolution
		HideSolutionNode = FALSE
	EndGlobalSection
	GlobalSection(ProjectConfigurationPlatforms) = postSolution
		{75F17F9A-784C-411C-851C-64E0683DEC21}.Debug|Any CPU.ActiveCfg = Debug|Any CPU
		{75F17F9A-784C-411C-851C-64E0683DEC21}.Debug|Any CPU.Build.0 = Debug|Any CPU
		{75F17F9A-784C-411C-851C-64E0683DEC21}.Debug|x64.ActiveCfg = Debug|Any CPU
		{75F17F9A-784C-411C-851C-64E0683DEC21}.Debug|x64.Build.0 = Debug|Any CPU
		{75F17F9A-784C-411C-851C-64E0683DEC21}.Debug|x86.ActiveCfg = Debug|Any CPU
		{75F17F9A-784C-411C-851C-64E0683DEC21}.Debug|x86.Build.0 = Debug|Any CPU
		{75F17F9A-784C-411C-851C-64E0683DEC21}.Release|Any CPU.ActiveCfg = Release|Any CPU
		{75F17F9A-784C-411C-851C-64E0683DEC21}.Release|Any CPU.Build.0 = Release|Any CPU
		{75F17F9A-784C-411C-851C-64E0683DEC21}.Release|x64.ActiveCfg = Release|Any CPU
		{75F17F9A-784C-411C-851C-64E0683DEC21}.Release|x64.Build.0 = Release|Any CPU
		{75F17F9A-784C-411C-851C-64E0683DEC21}.Release|x86.ActiveCfg = Release|Any CPU
		{75F17F9A-784C-411C-851C-64E0683DEC21}.Release|x86.Build.0 = Release|Any CPU
		{54754BF5-6AEF-4D0A-B4D1-5B63E42BA18F}.Debug|Any CPU.ActiveCfg = Debug|Any CPU
		{54754BF5-6AEF-4D0A-B4D1-5B63E42BA18F}.Debug|Any CPU.Build.0 = Debug|Any CPU
		{54754BF5-6AEF-4D0A-B4D1-5B63E42BA18F}.Debug|x64.ActiveCfg = Debug|Any CPU
		{54754BF5-6AEF-4D0A-B4D1-5B63E42BA18F}.Debug|x64.Build.0 = Debug|Any CPU
		{54754BF5-6AEF-4D0A-B4D1-5B63E42BA18F}.Debug|x86.ActiveCfg = Debug|Any CPU
		{54754BF5-6AEF-4D0A-B4D1-5B63E42BA18F}.Debug|x86.Build.0 = Debug|Any CPU
		{54754BF5-6AEF-4D0A-B4D1-5B63E42BA18F}.Release|Any CPU.ActiveCfg = Release|Any CPU
		{54754BF5-6AEF-4D0A-B4D1-5B63E42BA18F}.Release|Any CPU.Build.0 = Release|Any CPU
		{54754BF5-6AEF-4D0A-B4D1-5B63E42BA18F}.Release|x64.ActiveCfg = Release|Any CPU
		{54754BF5-6AEF-4D0A-B4D1-5B63E42BA18F}.Release|x64.Build.0 = Release|Any CPU
		{54754BF5-6AEF-4D0A-B4D1-5B63E42BA18F}.Release|x86.ActiveCfg = Release|Any CPU
		{54754BF5-6AEF-4D0A-B4D1-5B63E42BA18F}.Release|x86.Build.0 = Release|Any CPU
	EndGlobalSection
EndGlobal
